// !$*UTF8*$!
{
	archiveVersion = 1;
	classes = {
	};
	objectVersion = 50;
	objects = {

/* Begin PBXBuildFile section */
		1798919721A2C0F60054A0B2 /* fountainpen@2x.png in Resources */ = {isa = PBXBuildFile; fileRef = 1798919621A2C0F60054A0B2 /* fountainpen@2x.png */; };
		17ACACBB20ED03CF00574DD2 /* AppDelegate.swift in Sources */ = {isa = PBXBuildFile; fileRef = 17ACACBA20ED03CF00574DD2 /* AppDelegate.swift */; };
		17ACACC020ED03CF00574DD2 /* Main.storyboard in Resources */ = {isa = PBXBuildFile; fileRef = 17ACACBE20ED03CF00574DD2 /* Main.storyboard */; };
		17ACACC320ED03CF00574DD2 /* simple_memo.xcdatamodeld in Sources */ = {isa = PBXBuildFile; fileRef = 17ACACC120ED03CF00574DD2 /* simple_memo.xcdatamodeld */; };
		17ACACC520ED03D000574DD2 /* Assets.xcassets in Resources */ = {isa = PBXBuildFile; fileRef = 17ACACC420ED03D000574DD2 /* Assets.xcassets */; };
		17ACACC820ED03D000574DD2 /* LaunchScreen.storyboard in Resources */ = {isa = PBXBuildFile; fileRef = 17ACACC620ED03D000574DD2 /* LaunchScreen.storyboard */; };
		17ACACD020EE431200574DD2 /* MemoListVC.swift in Sources */ = {isa = PBXBuildFile; fileRef = 17ACACCF20EE431200574DD2 /* MemoListVC.swift */; };
		17ACACD220EE432800574DD2 /* MemoFormVC.swift in Sources */ = {isa = PBXBuildFile; fileRef = 17ACACD120EE432800574DD2 /* MemoFormVC.swift */; };
		17ACACD420EE433700574DD2 /* MemoReadVC.swift in Sources */ = {isa = PBXBuildFile; fileRef = 17ACACD320EE433700574DD2 /* MemoReadVC.swift */; };
		17ACACD620EE434900574DD2 /* MemoCell.swift in Sources */ = {isa = PBXBuildFile; fileRef = 17ACACD520EE434900574DD2 /* MemoCell.swift */; };
		17ACACD920EE441900574DD2 /* Model.swift in Sources */ = {isa = PBXBuildFile; fileRef = 17ACACD820EE441900574DD2 /* Model.swift */; };
		17FEDF2421C13E6C00EC4EF0 /* CSLogButton.swift in Sources */ = {isa = PBXBuildFile; fileRef = 17FEDF2321C13E6C00EC4EF0 /* CSLogButton.swift */; };
		17FEDF2821C1463D00EC4EF0 /* memo-background@2x.png in Resources */ = {isa = PBXBuildFile; fileRef = 17FEDF2521C1463D00EC4EF0 /* memo-background@2x.png */; };
		17FEDF2921C1463D00EC4EF0 /* button-bg.png in Resources */ = {isa = PBXBuildFile; fileRef = 17FEDF2621C1463D00EC4EF0 /* button-bg.png */; };
		17FEDF2A21C1463D00EC4EF0 /* warning-icon-60@2x.png in Resources */ = {isa = PBXBuildFile; fileRef = 17FEDF2721C1463D00EC4EF0 /* warning-icon-60@2x.png */; };
		17FEDF8621C2A23100EC4EF0 /* SWRevealViewController.m in Sources */ = {isa = PBXBuildFile; fileRef = 17FEDF8421C2A23100EC4EF0 /* SWRevealViewController.m */; };
		17FEDF9021C2A26A00EC4EF0 /* icon03.png in Resources */ = {isa = PBXBuildFile; fileRef = 17FEDF8721C2A26A00EC4EF0 /* icon03.png */; };
		17FEDF9121C2A26A00EC4EF0 /* icon05.png in Resources */ = {isa = PBXBuildFile; fileRef = 17FEDF8821C2A26A00EC4EF0 /* icon05.png */; };
		17FEDF9221C2A26A00EC4EF0 /* account@2x.jpg in Resources */ = {isa = PBXBuildFile; fileRef = 17FEDF8921C2A26A00EC4EF0 /* account@2x.jpg */; };
		17FEDF9321C2A26A00EC4EF0 /* icon01.png in Resources */ = {isa = PBXBuildFile; fileRef = 17FEDF8A21C2A26A00EC4EF0 /* icon01.png */; };
		17FEDF9421C2A26A00EC4EF0 /* icon02.png in Resources */ = {isa = PBXBuildFile; fileRef = 17FEDF8B21C2A26A00EC4EF0 /* icon02.png */; };
		17FEDF9521C2A26A00EC4EF0 /* icon04.png in Resources */ = {isa = PBXBuildFile; fileRef = 17FEDF8C21C2A26A00EC4EF0 /* icon04.png */; };
		17FEDF9621C2A26A00EC4EF0 /* icon06.png in Resources */ = {isa = PBXBuildFile; fileRef = 17FEDF8D21C2A26A00EC4EF0 /* icon06.png */; };
		17FEDF9721C2A26A00EC4EF0 /* profile-bg.png in Resources */ = {isa = PBXBuildFile; fileRef = 17FEDF8E21C2A26A00EC4EF0 /* profile-bg.png */; };
		17FEDF9821C2A26A00EC4EF0 /* sidemenu.png in Resources */ = {isa = PBXBuildFile; fileRef = 17FEDF8F21C2A26A00EC4EF0 /* sidemenu.png */; };
		17FEDF9A21C2A47500EC4EF0 /* SideBarVC.swift in Sources */ = {isa = PBXBuildFile; fileRef = 17FEDF9921C2A47500EC4EF0 /* SideBarVC.swift */; };
		17FEDF9C21C2A78400EC4EF0 /* ProfileVC.swift in Sources */ = {isa = PBXBuildFile; fileRef = 17FEDF9B21C2A78400EC4EF0 /* ProfileVC.swift */; };
		17FEE00021C6696F00EC4EF0 /* UserInfoManager.swift in Sources */ = {isa = PBXBuildFile; fileRef = 17FEDFFF21C6696F00EC4EF0 /* UserInfoManager.swift */; };
		17FEE00221C7E48D00EC4EF0 /* Tutorial.storyboard in Resources */ = {isa = PBXBuildFile; fileRef = 17FEE00121C7E48D00EC4EF0 /* Tutorial.storyboard */; };
		17FEE00421C7E61000EC4EF0 /* Utils.swift in Sources */ = {isa = PBXBuildFile; fileRef = 17FEE00321C7E61000EC4EF0 /* Utils.swift */; };
		17FEE00621C7E68300EC4EF0 /* TutorialContentsVC.swift in Sources */ = {isa = PBXBuildFile; fileRef = 17FEE00521C7E68300EC4EF0 /* TutorialContentsVC.swift */; };
		17FEE00921C7E72F00EC4EF0 /* TutorialMasterVC.swift in Sources */ = {isa = PBXBuildFile; fileRef = 17FEE00821C7E72F00EC4EF0 /* TutorialMasterVC.swift */; };
/* End PBXBuildFile section */

/* Begin PBXFileReference section */
		1798919621A2C0F60054A0B2 /* fountainpen@2x.png */ = {isa = PBXFileReference; lastKnownFileType = image.png; path = "fountainpen@2x.png"; sourceTree = "<group>"; };
		17ACACB720ED03CF00574DD2 /* simple_memo.app */ = {isa = PBXFileReference; explicitFileType = wrapper.application; includeInIndex = 0; path = simple_memo.app; sourceTree = BUILT_PRODUCTS_DIR; };
		17ACACBA20ED03CF00574DD2 /* AppDelegate.swift */ = {isa = PBXFileReference; lastKnownFileType = sourcecode.swift; path = AppDelegate.swift; sourceTree = "<group>"; };
		17ACACBF20ED03CF00574DD2 /* Base */ = {isa = PBXFileReference; lastKnownFileType = file.storyboard; name = Base; path = Base.lproj/Main.storyboard; sourceTree = "<group>"; };
		17ACACC220ED03CF00574DD2 /* simple_memo.xcdatamodel */ = {isa = PBXFileReference; lastKnownFileType = wrapper.xcdatamodel; path = simple_memo.xcdatamodel; sourceTree = "<group>"; };
		17ACACC420ED03D000574DD2 /* Assets.xcassets */ = {isa = PBXFileReference; lastKnownFileType = folder.assetcatalog; path = Assets.xcassets; sourceTree = "<group>"; };
		17ACACC720ED03D000574DD2 /* Base */ = {isa = PBXFileReference; lastKnownFileType = file.storyboard; name = Base; path = Base.lproj/LaunchScreen.storyboard; sourceTree = "<group>"; };
		17ACACC920ED03D000574DD2 /* Info.plist */ = {isa = PBXFileReference; lastKnownFileType = text.plist.xml; path = Info.plist; sourceTree = "<group>"; };
		17ACACCF20EE431200574DD2 /* MemoListVC.swift */ = {isa = PBXFileReference; lastKnownFileType = sourcecode.swift; path = MemoListVC.swift; sourceTree = "<group>"; };
		17ACACD120EE432800574DD2 /* MemoFormVC.swift */ = {isa = PBXFileReference; lastKnownFileType = sourcecode.swift; path = MemoFormVC.swift; sourceTree = "<group>"; };
		17ACACD320EE433700574DD2 /* MemoReadVC.swift */ = {isa = PBXFileReference; lastKnownFileType = sourcecode.swift; path = MemoReadVC.swift; sourceTree = "<group>"; };
		17ACACD520EE434900574DD2 /* MemoCell.swift */ = {isa = PBXFileReference; lastKnownFileType = sourcecode.swift; path = MemoCell.swift; sourceTree = "<group>"; };
		17ACACD820EE441900574DD2 /* Model.swift */ = {isa = PBXFileReference; lastKnownFileType = sourcecode.swift; path = Model.swift; sourceTree = "<group>"; };
		17FEDF2321C13E6C00EC4EF0 /* CSLogButton.swift */ = {isa = PBXFileReference; lastKnownFileType = sourcecode.swift; path = CSLogButton.swift; sourceTree = "<group>"; };
		17FEDF2521C1463D00EC4EF0 /* memo-background@2x.png */ = {isa = PBXFileReference; lastKnownFileType = image.png; path = "memo-background@2x.png"; sourceTree = "<group>"; };
		17FEDF2621C1463D00EC4EF0 /* button-bg.png */ = {isa = PBXFileReference; lastKnownFileType = image.png; path = "button-bg.png"; sourceTree = "<group>"; };
		17FEDF2721C1463D00EC4EF0 /* warning-icon-60@2x.png */ = {isa = PBXFileReference; lastKnownFileType = image.png; path = "warning-icon-60@2x.png"; sourceTree = "<group>"; };
		17FEDF8321C2A23000EC4EF0 /* simple_memo-Bridging-Header.h */ = {isa = PBXFileReference; lastKnownFileType = sourcecode.c.h; path = "simple_memo-Bridging-Header.h"; sourceTree = "<group>"; };
		17FEDF8421C2A23100EC4EF0 /* SWRevealViewController.m */ = {isa = PBXFileReference; fileEncoding = 4; lastKnownFileType = sourcecode.c.objc; path = SWRevealViewController.m; sourceTree = "<group>"; };
		17FEDF8521C2A23100EC4EF0 /* SWRevealViewController.h */ = {isa = PBXFileReference; fileEncoding = 4; lastKnownFileType = sourcecode.c.h; path = SWRevealViewController.h; sourceTree = "<group>"; };
		17FEDF8721C2A26A00EC4EF0 /* icon03.png */ = {isa = PBXFileReference; lastKnownFileType = image.png; path = icon03.png; sourceTree = "<group>"; };
		17FEDF8821C2A26A00EC4EF0 /* icon05.png */ = {isa = PBXFileReference; lastKnownFileType = image.png; path = icon05.png; sourceTree = "<group>"; };
		17FEDF8921C2A26A00EC4EF0 /* account@2x.jpg */ = {isa = PBXFileReference; lastKnownFileType = image.jpeg; path = "account@2x.jpg"; sourceTree = "<group>"; };
		17FEDF8A21C2A26A00EC4EF0 /* icon01.png */ = {isa = PBXFileReference; lastKnownFileType = image.png; path = icon01.png; sourceTree = "<group>"; };
		17FEDF8B21C2A26A00EC4EF0 /* icon02.png */ = {isa = PBXFileReference; lastKnownFileType = image.png; path = icon02.png; sourceTree = "<group>"; };
		17FEDF8C21C2A26A00EC4EF0 /* icon04.png */ = {isa = PBXFileReference; lastKnownFileType = image.png; path = icon04.png; sourceTree = "<group>"; };
		17FEDF8D21C2A26A00EC4EF0 /* icon06.png */ = {isa = PBXFileReference; lastKnownFileType = image.png; path = icon06.png; sourceTree = "<group>"; };
		17FEDF8E21C2A26A00EC4EF0 /* profile-bg.png */ = {isa = PBXFileReference; lastKnownFileType = image.png; path = "profile-bg.png"; sourceTree = "<group>"; };
		17FEDF8F21C2A26A00EC4EF0 /* sidemenu.png */ = {isa = PBXFileReference; lastKnownFileType = image.png; path = sidemenu.png; sourceTree = "<group>"; };
		17FEDF9921C2A47500EC4EF0 /* SideBarVC.swift */ = {isa = PBXFileReference; lastKnownFileType = sourcecode.swift; path = SideBarVC.swift; sourceTree = "<group>"; };
		17FEDF9B21C2A78400EC4EF0 /* ProfileVC.swift */ = {isa = PBXFileReference; lastKnownFileType = sourcecode.swift; path = ProfileVC.swift; sourceTree = "<group>"; };
		17FEDFFF21C6696F00EC4EF0 /* UserInfoManager.swift */ = {isa = PBXFileReference; lastKnownFileType = sourcecode.swift; path = UserInfoManager.swift; sourceTree = "<group>"; };
		17FEE00121C7E48D00EC4EF0 /* Tutorial.storyboard */ = {isa = PBXFileReference; lastKnownFileType = file.storyboard; path = Tutorial.storyboard; sourceTree = "<group>"; };
		17FEE00321C7E61000EC4EF0 /* Utils.swift */ = {isa = PBXFileReference; lastKnownFileType = sourcecode.swift; path = Utils.swift; sourceTree = "<group>"; };
		17FEE00521C7E68300EC4EF0 /* TutorialContentsVC.swift */ = {isa = PBXFileReference; lastKnownFileType = sourcecode.swift; path = TutorialContentsVC.swift; sourceTree = "<group>"; };
		17FEE00821C7E72F00EC4EF0 /* TutorialMasterVC.swift */ = {isa = PBXFileReference; lastKnownFileType = sourcecode.swift; path = TutorialMasterVC.swift; sourceTree = "<group>"; };
/* End PBXFileReference section */

/* Begin PBXFrameworksBuildPhase section */
		17ACACB420ED03CF00574DD2 /* Frameworks */ = {
			isa = PBXFrameworksBuildPhase;
			buildActionMask = 2147483647;
			files = (
			);
			runOnlyForDeploymentPostprocessing = 0;
		};
/* End PBXFrameworksBuildPhase section */

/* Begin PBXGroup section */
		1798919521A2C0470054A0B2 /* Resources */ = {
			isa = PBXGroup;
			children = (
				17FEDF8921C2A26A00EC4EF0 /* account@2x.jpg */,
				17FEDF8A21C2A26A00EC4EF0 /* icon01.png */,
				17FEDF8B21C2A26A00EC4EF0 /* icon02.png */,
				17FEDF8721C2A26A00EC4EF0 /* icon03.png */,
				17FEDF8C21C2A26A00EC4EF0 /* icon04.png */,
				17FEDF8821C2A26A00EC4EF0 /* icon05.png */,
				17FEDF8D21C2A26A00EC4EF0 /* icon06.png */,
				17FEDF8E21C2A26A00EC4EF0 /* profile-bg.png */,
				17FEDF8F21C2A26A00EC4EF0 /* sidemenu.png */,
				17FEDF2621C1463D00EC4EF0 /* button-bg.png */,
				17FEDF2521C1463D00EC4EF0 /* memo-background@2x.png */,
				17FEDF2721C1463D00EC4EF0 /* warning-icon-60@2x.png */,
				1798919621A2C0F60054A0B2 /* fountainpen@2x.png */,
			);
			path = Resources;
			sourceTree = "<group>";
		};
		17ACACAE20ED03CF00574DD2 = {
			isa = PBXGroup;
			children = (
				17ACACB920ED03CF00574DD2 /* simple_memo */,
				17ACACB820ED03CF00574DD2 /* Products */,
			);
			sourceTree = "<group>";
		};
		17ACACB820ED03CF00574DD2 /* Products */ = {
			isa = PBXGroup;
			children = (
				17ACACB720ED03CF00574DD2 /* simple_memo.app */,
			);
			name = Products;
			sourceTree = "<group>";
		};
		17ACACB920ED03CF00574DD2 /* simple_memo */ = {
			isa = PBXGroup;
			children = (
				17FEE00721C7E68C00EC4EF0 /* Tutorial */,
				17FEDF8521C2A23100EC4EF0 /* SWRevealViewController.h */,
				17FEDF8421C2A23100EC4EF0 /* SWRevealViewController.m */,
				17FEDF2221C13E5900EC4EF0 /* View */,
				1798919521A2C0470054A0B2 /* Resources */,
				17ACACD720EE440500574DD2 /* Model */,
				17ACACBA20ED03CF00574DD2 /* AppDelegate.swift */,
				17ACACBE20ED03CF00574DD2 /* Main.storyboard */,
				17ACACC420ED03D000574DD2 /* Assets.xcassets */,
				17ACACC620ED03D000574DD2 /* LaunchScreen.storyboard */,
				17ACACC920ED03D000574DD2 /* Info.plist */,
				17ACACC120ED03CF00574DD2 /* simple_memo.xcdatamodeld */,
				17ACACCF20EE431200574DD2 /* MemoListVC.swift */,
				17ACACD120EE432800574DD2 /* MemoFormVC.swift */,
				17ACACD320EE433700574DD2 /* MemoReadVC.swift */,
				17ACACD520EE434900574DD2 /* MemoCell.swift */,
				17FEDF8321C2A23000EC4EF0 /* simple_memo-Bridging-Header.h */,
				17FEDF9921C2A47500EC4EF0 /* SideBarVC.swift */,
				17FEDF9B21C2A78400EC4EF0 /* ProfileVC.swift */,
			);
			path = simple_memo;
			sourceTree = "<group>";
		};
		17ACACD720EE440500574DD2 /* Model */ = {
			isa = PBXGroup;
			children = (
				17ACACD820EE441900574DD2 /* Model.swift */,
				17FEDFFF21C6696F00EC4EF0 /* UserInfoManager.swift */,
				17FEE00321C7E61000EC4EF0 /* Utils.swift */,
			);
			path = Model;
			sourceTree = "<group>";
		};
		17FEDF2221C13E5900EC4EF0 /* View */ = {
			isa = PBXGroup;
			children = (
				17FEDF2321C13E6C00EC4EF0 /* CSLogButton.swift */,
			);
			path = View;
			sourceTree = "<group>";
		};
		17FEE00721C7E68C00EC4EF0 /* Tutorial */ = {
			isa = PBXGroup;
			children = (
				17FEE00121C7E48D00EC4EF0 /* Tutorial.storyboard */,
				17FEE00521C7E68300EC4EF0 /* TutorialContentsVC.swift */,
				17FEE00821C7E72F00EC4EF0 /* TutorialMasterVC.swift */,
			);
			path = Tutorial;
			sourceTree = "<group>";
		};
/* End PBXGroup section */

/* Begin PBXNativeTarget section */
		17ACACB620ED03CF00574DD2 /* simple_memo */ = {
			isa = PBXNativeTarget;
			buildConfigurationList = 17ACACCC20ED03D000574DD2 /* Build configuration list for PBXNativeTarget "simple_memo" */;
			buildPhases = (
				17ACACB320ED03CF00574DD2 /* Sources */,
				17ACACB420ED03CF00574DD2 /* Frameworks */,
				17ACACB520ED03CF00574DD2 /* Resources */,
			);
			buildRules = (
			);
			dependencies = (
			);
			name = simple_memo;
			productName = simple_memo;
			productReference = 17ACACB720ED03CF00574DD2 /* simple_memo.app */;
			productType = "com.apple.product-type.application";
		};
/* End PBXNativeTarget section */

/* Begin PBXProject section */
		17ACACAF20ED03CF00574DD2 /* Project object */ = {
			isa = PBXProject;
			attributes = {
				LastSwiftUpdateCheck = 0940;
				LastUpgradeCheck = 0940;
				ORGANIZATIONNAME = hyunsoo;
				TargetAttributes = {
					17ACACB620ED03CF00574DD2 = {
						CreatedOnToolsVersion = 9.4.1;
						LastSwiftMigration = 1010;
					};
				};
			};
			buildConfigurationList = 17ACACB220ED03CF00574DD2 /* Build configuration list for PBXProject "simple_memo" */;
			compatibilityVersion = "Xcode 9.3";
			developmentRegion = en;
			hasScannedForEncodings = 0;
			knownRegions = (
				en,
				Base,
			);
			mainGroup = 17ACACAE20ED03CF00574DD2;
			productRefGroup = 17ACACB820ED03CF00574DD2 /* Products */;
			projectDirPath = "";
			projectRoot = "";
			targets = (
				17ACACB620ED03CF00574DD2 /* simple_memo */,
			);
		};
/* End PBXProject section */

/* Begin PBXResourcesBuildPhase section */
		17ACACB520ED03CF00574DD2 /* Resources */ = {
			isa = PBXResourcesBuildPhase;
			buildActionMask = 2147483647;
			files = (
				17FEDF2821C1463D00EC4EF0 /* memo-background@2x.png in Resources */,
				17FEDF9521C2A26A00EC4EF0 /* icon04.png in Resources */,
				17FEDF9321C2A26A00EC4EF0 /* icon01.png in Resources */,
				17FEDF9121C2A26A00EC4EF0 /* icon05.png in Resources */,
				17FEDF9721C2A26A00EC4EF0 /* profile-bg.png in Resources */,
				17FEDF9221C2A26A00EC4EF0 /* account@2x.jpg in Resources */,
				17FEDF9421C2A26A00EC4EF0 /* icon02.png in Resources */,
				17FEDF9621C2A26A00EC4EF0 /* icon06.png in Resources */,
				17FEDF9021C2A26A00EC4EF0 /* icon03.png in Resources */,
				17FEDF9821C2A26A00EC4EF0 /* sidemenu.png in Resources */,
				17ACACC820ED03D000574DD2 /* LaunchScreen.storyboard in Resources */,
				17FEE00221C7E48D00EC4EF0 /* Tutorial.storyboard in Resources */,
				17ACACC520ED03D000574DD2 /* Assets.xcassets in Resources */,
				1798919721A2C0F60054A0B2 /* fountainpen@2x.png in Resources */,
				17FEDF2921C1463D00EC4EF0 /* button-bg.png in Resources */,
				17ACACC020ED03CF00574DD2 /* Main.storyboard in Resources */,
				17FEDF2A21C1463D00EC4EF0 /* warning-icon-60@2x.png in Resources */,
			);
			runOnlyForDeploymentPostprocessing = 0;
		};
/* End PBXResourcesBuildPhase section */

/* Begin PBXSourcesBuildPhase section */
		17ACACB320ED03CF00574DD2 /* Sources */ = {
			isa = PBXSourcesBuildPhase;
			buildActionMask = 2147483647;
			files = (
				17FEDF2421C13E6C00EC4EF0 /* CSLogButton.swift in Sources */,
				17ACACD920EE441900574DD2 /* Model.swift in Sources */,
				17FEE00021C6696F00EC4EF0 /* UserInfoManager.swift in Sources */,
				17ACACD020EE431200574DD2 /* MemoListVC.swift in Sources */,
				17ACACD420EE433700574DD2 /* MemoReadVC.swift in Sources */,
				17FEE00421C7E61000EC4EF0 /* Utils.swift in Sources */,
				17ACACBB20ED03CF00574DD2 /* AppDelegate.swift in Sources */,
				17FEDF9A21C2A47500EC4EF0 /* SideBarVC.swift in Sources */,
				17FEE00621C7E68300EC4EF0 /* TutorialContentsVC.swift in Sources */,
				17FEDF8621C2A23100EC4EF0 /* SWRevealViewController.m in Sources */,
				17ACACD220EE432800574DD2 /* MemoFormVC.swift in Sources */,
				17ACACC320ED03CF00574DD2 /* simple_memo.xcdatamodeld in Sources */,
				17FEE00921C7E72F00EC4EF0 /* TutorialMasterVC.swift in Sources */,
				17FEDF9C21C2A78400EC4EF0 /* ProfileVC.swift in Sources */,
				17ACACD620EE434900574DD2 /* MemoCell.swift in Sources */,
			);
			runOnlyForDeploymentPostprocessing = 0;
		};
/* End PBXSourcesBuildPhase section */

/* Begin PBXVariantGroup section */
		17ACACBE20ED03CF00574DD2 /* Main.storyboard */ = {
			isa = PBXVariantGroup;
			children = (
				17ACACBF20ED03CF00574DD2 /* Base */,
			);
			name = Main.storyboard;
			sourceTree = "<group>";
		};
		17ACACC620ED03D000574DD2 /* LaunchScreen.storyboard */ = {
			isa = PBXVariantGroup;
			children = (
				17ACACC720ED03D000574DD2 /* Base */,
			);
			name = LaunchScreen.storyboard;
			sourceTree = "<group>";
		};
/* End PBXVariantGroup section */

/* Begin XCBuildConfiguration section */
		17ACACCA20ED03D000574DD2 /* Debug */ = {
			isa = XCBuildConfiguration;
			buildSettings = {
				ALWAYS_SEARCH_USER_PATHS = NO;
				CLANG_ANALYZER_NONNULL = YES;
				CLANG_ANALYZER_NUMBER_OBJECT_CONVERSION = YES_AGGRESSIVE;
				CLANG_CXX_LANGUAGE_STANDARD = "gnu++14";
				CLANG_CXX_LIBRARY = "libc++";
				CLANG_ENABLE_MODULES = YES;
				CLANG_ENABLE_OBJC_ARC = YES;
				CLANG_ENABLE_OBJC_WEAK = YES;
				CLANG_WARN_BLOCK_CAPTURE_AUTORELEASING = YES;
				CLANG_WARN_BOOL_CONVERSION = YES;
				CLANG_WARN_COMMA = YES;
				CLANG_WARN_CONSTANT_CONVERSION = YES;
				CLANG_WARN_DEPRECATED_OBJC_IMPLEMENTATIONS = YES;
				CLANG_WARN_DIRECT_OBJC_ISA_USAGE = YES_ERROR;
				CLANG_WARN_DOCUMENTATION_COMMENTS = YES;
				CLANG_WARN_EMPTY_BODY = YES;
				CLANG_WARN_ENUM_CONVERSION = YES;
				CLANG_WARN_INFINITE_RECURSION = YES;
				CLANG_WARN_INT_CONVERSION = YES;
				CLANG_WARN_NON_LITERAL_NULL_CONVERSION = YES;
				CLANG_WARN_OBJC_IMPLICIT_RETAIN_SELF = YES;
				CLANG_WARN_OBJC_LITERAL_CONVERSION = YES;
				CLANG_WARN_OBJC_ROOT_CLASS = YES_ERROR;
				CLANG_WARN_RANGE_LOOP_ANALYSIS = YES;
				CLANG_WARN_STRICT_PROTOTYPES = YES;
				CLANG_WARN_SUSPICIOUS_MOVE = YES;
				CLANG_WARN_UNGUARDED_AVAILABILITY = YES_AGGRESSIVE;
				CLANG_WARN_UNREACHABLE_CODE = YES;
				CLANG_WARN__DUPLICATE_METHOD_MATCH = YES;
				CODE_SIGN_IDENTITY = "iPhone Developer";
				COPY_PHASE_STRIP = NO;
				DEBUG_INFORMATION_FORMAT = dwarf;
				ENABLE_STRICT_OBJC_MSGSEND = YES;
				ENABLE_TESTABILITY = YES;
				GCC_C_LANGUAGE_STANDARD = gnu11;
				GCC_DYNAMIC_NO_PIC = NO;
				GCC_NO_COMMON_BLOCKS = YES;
				GCC_OPTIMIZATION_LEVEL = 0;
				GCC_PREPROCESSOR_DEFINITIONS = (
					"DEBUG=1",
					"$(inherited)",
				);
				GCC_WARN_64_TO_32_BIT_CONVERSION = YES;
				GCC_WARN_ABOUT_RETURN_TYPE = YES_ERROR;
				GCC_WARN_UNDECLARED_SELECTOR = YES;
				GCC_WARN_UNINITIALIZED_AUTOS = YES_AGGRESSIVE;
				GCC_WARN_UNUSED_FUNCTION = YES;
				GCC_WARN_UNUSED_VARIABLE = YES;
				IPHONEOS_DEPLOYMENT_TARGET = 11.4;
				MTL_ENABLE_DEBUG_INFO = YES;
				ONLY_ACTIVE_ARCH = YES;
				SDKROOT = iphoneos;
				SWIFT_ACTIVE_COMPILATION_CONDITIONS = DEBUG;
				SWIFT_OPTIMIZATION_LEVEL = "-Onone";
			};
			name = Debug;
		};
		17ACACCB20ED03D000574DD2 /* Release */ = {
			isa = XCBuildConfiguration;
			buildSettings = {
				ALWAYS_SEARCH_USER_PATHS = NO;
				CLANG_ANALYZER_NONNULL = YES;
				CLANG_ANALYZER_NUMBER_OBJECT_CONVERSION = YES_AGGRESSIVE;
				CLANG_CXX_LANGUAGE_STANDARD = "gnu++14";
				CLANG_CXX_LIBRARY = "libc++";
				CLANG_ENABLE_MODULES = YES;
				CLANG_ENABLE_OBJC_ARC = YES;
				CLANG_ENABLE_OBJC_WEAK = YES;
				CLANG_WARN_BLOCK_CAPTURE_AUTORELEASING = YES;
				CLANG_WARN_BOOL_CONVERSION = YES;
				CLANG_WARN_COMMA = YES;
				CLANG_WARN_CONSTANT_CONVERSION = YES;
				CLANG_WARN_DEPRECATED_OBJC_IMPLEMENTATIONS = YES;
				CLANG_WARN_DIRECT_OBJC_ISA_USAGE = YES_ERROR;
				CLANG_WARN_DOCUMENTATION_COMMENTS = YES;
				CLANG_WARN_EMPTY_BODY = YES;
				CLANG_WARN_ENUM_CONVERSION = YES;
				CLANG_WARN_INFINITE_RECURSION = YES;
				CLANG_WARN_INT_CONVERSION = YES;
				CLANG_WARN_NON_LITERAL_NULL_CONVERSION = YES;
				CLANG_WARN_OBJC_IMPLICIT_RETAIN_SELF = YES;
				CLANG_WARN_OBJC_LITERAL_CONVERSION = YES;
				CLANG_WARN_OBJC_ROOT_CLASS = YES_ERROR;
				CLANG_WARN_RANGE_LOOP_ANALYSIS = YES;
				CLANG_WARN_STRICT_PROTOTYPES = YES;
				CLANG_WARN_SUSPICIOUS_MOVE = YES;
				CLANG_WARN_UNGUARDED_AVAILABILITY = YES_AGGRESSIVE;
				CLANG_WARN_UNREACHABLE_CODE = YES;
				CLANG_WARN__DUPLICATE_METHOD_MATCH = YES;
				CODE_SIGN_IDENTITY = "iPhone Developer";
				COPY_PHASE_STRIP = NO;
				DEBUG_INFORMATION_FORMAT = "dwarf-with-dsym";
				ENABLE_NS_ASSERTIONS = NO;
				ENABLE_STRICT_OBJC_MSGSEND = YES;
				GCC_C_LANGUAGE_STANDARD = gnu11;
				GCC_NO_COMMON_BLOCKS = YES;
				GCC_WARN_64_TO_32_BIT_CONVERSION = YES;
				GCC_WARN_ABOUT_RETURN_TYPE = YES_ERROR;
				GCC_WARN_UNDECLARED_SELECTOR = YES;
				GCC_WARN_UNINITIALIZED_AUTOS = YES_AGGRESSIVE;
				GCC_WARN_UNUSED_FUNCTION = YES;
				GCC_WARN_UNUSED_VARIABLE = YES;
				IPHONEOS_DEPLOYMENT_TARGET = 11.4;
				MTL_ENABLE_DEBUG_INFO = NO;
				SDKROOT = iphoneos;
				SWIFT_COMPILATION_MODE = wholemodule;
				SWIFT_OPTIMIZATION_LEVEL = "-O";
				VALIDATE_PRODUCT = YES;
			};
			name = Release;
		};
		17ACACCD20ED03D000574DD2 /* Debug */ = {
			isa = XCBuildConfiguration;
			buildSettings = {
				ASSETCATALOG_COMPILER_APPICON_NAME = AppIcon;
				CLANG_ENABLE_MODULES = YES;
				CODE_SIGN_STYLE = Automatic;
				DEVELOPMENT_TEAM = ACE9KE4UN9;
				INFOPLIST_FILE = simple_memo/Info.plist;
				LD_RUNPATH_SEARCH_PATHS = (
					"$(inherited)",
					"@executable_path/Frameworks",
				);
				PRODUCT_BUNDLE_IDENTIFIER = "hyunsoo.simple-memo";
				PRODUCT_NAME = "$(TARGET_NAME)";
				SWIFT_OBJC_BRIDGING_HEADER = "simple_memo/simple_memo-Bridging-Header.h";
				SWIFT_OPTIMIZATION_LEVEL = "-Onone";
				SWIFT_VERSION = 4.0;
				TARGETED_DEVICE_FAMILY = "1,2";
			};
			name = Debug;
		};
		17ACACCE20ED03D000574DD2 /* Release */ = {
			isa = XCBuildConfiguration;
			buildSettings = {
				ASSETCATALOG_COMPILER_APPICON_NAME = AppIcon;
				CLANG_ENABLE_MODULES = YES;
				CODE_SIGN_STYLE = Automatic;
				DEVELOPMENT_TEAM = ACE9KE4UN9;
				INFOPLIST_FILE = simple_memo/Info.plist;
				LD_RUNPATH_SEARCH_PATHS = (
					"$(inherited)",
					"@executable_path/Frameworks",
				);
				PRODUCT_BUNDLE_IDENTIFIER = "hyunsoo.simple-memo";
				PRODUCT_NAME = "$(TARGET_NAME)";
				SWIFT_OBJC_BRIDGING_HEADER = "simple_memo/simple_memo-Bridging-Header.h";
				SWIFT_VERSION = 4.0;
				TARGETED_DEVICE_FAMILY = "1,2";
			};
			name = Release;
		};
/* End XCBuildConfiguration section */

/* Begin XCConfigurationList section */
		17ACACB220ED03CF00574DD2 /* Build configuration list for PBXProject "simple_memo" */ = {
			isa = XCConfigurationList;
			buildConfigurations = (
				17ACACCA20ED03D000574DD2 /* Debug */,
				17ACACCB20ED03D000574DD2 /* Release */,
			);
			defaultConfigurationIsVisible = 0;
			defaultConfigurationName = Release;
		};
		17ACACCC20ED03D000574DD2 /* Build configuration list for PBXNativeTarget "simple_memo" */ = {
			isa = XCConfigurationList;
			buildConfigurations = (
				17ACACCD20ED03D000574DD2 /* Debug */,
				17ACACCE20ED03D000574DD2 /* Release */,
			);
			defaultConfigurationIsVisible = 0;
			defaultConfigurationName = Release;
		};
/* End XCConfigurationList section */

/* Begin XCVersionGroup section */
		17ACACC120ED03CF00574DD2 /* simple_memo.xcdatamodeld */ = {
			isa = XCVersionGroup;
			children = (
				17ACACC220ED03CF00574DD2 /* simple_memo.xcdatamodel */,
			);
			currentVersion = 17ACACC220ED03CF00574DD2 /* simple_memo.xcdatamodel */;
			path = simple_memo.xcdatamodeld;
			sourceTree = "<group>";
			versionGroupType = wrapper.xcdatamodel;
		};
/* End XCVersionGroup section */
	};
	rootObject = 17ACACAF20ED03CF00574DD2 /* Project object */;
}
